PODS:
  - AFNetworking (3.1.0):
    - AFNetworking/NSURLSession (= 3.1.0)
    - AFNetworking/Reachability (= 3.1.0)
    - AFNetworking/Security (= 3.1.0)
    - AFNetworking/Serialization (= 3.1.0)
    - AFNetworking/UIKit (= 3.1.0)
  - AFNetworking/NSURLSession (3.1.0):
    - AFNetworking/Reachability
    - AFNetworking/Security
    - AFNetworking/Serialization
  - AFNetworking/Reachability (3.1.0)
  - AFNetworking/Security (3.1.0)
  - AFNetworking/Serialization (3.1.0)
  - AFNetworking/UIKit (3.1.0):
    - AFNetworking/NSURLSession
  - FRHyperLabel (1.0.3)
  - MagicalRecord/Shorthand (2.2)
  - MBProgressHUD (1.0.0)
  - SDWebImage (4.0.0):
    - SDWebImage/Core (= 4.0.0)
  - SDWebImage/Core (4.0.0)
  - STTwitter (0.2.6)

DEPENDENCIES:
  - AFNetworking
  - FRHyperLabel
  - MagicalRecord/Shorthand
  - MBProgressHUD (from `https://github.com/jdg/MBProgressHUD.git`, tag `1.0.0`)
  - SDWebImage
  - STTwitter

EXTERNAL SOURCES:
  MBProgressHUD:
    :git: https://github.com/jdg/MBProgressHUD.git
    :tag: 1.0.0

CHECKOUT OPTIONS:
  MBProgressHUD:
    :git: https://github.com/jdg/MBProgressHUD.git
    :tag: 1.0.0

SPEC CHECKSUMS:
  AFNetworking: 5e0e199f73d8626b11e79750991f5d173d1f8b67
  FRHyperLabel: 99d08d3667880b4c430071c9afbcb93aaaa34b37
  MagicalRecord: 2dc87179ae7c1f2a274442624ec65a07d4357a6f
  MBProgressHUD: 4890f671c94e8a0f3cf959aa731e9de2f036d71a
  SDWebImage: 76a6348bdc74eb5a55dd08a091ef298e56b55e41
  STTwitter: 30ee2f79eff78c3d633a1edc869e97db9c9ead59

PODFILE CHECKSUM: 42bc2a1c66920d69d1b107a32412ccd14cd926c7

COCOAPODS: 1.2.0
